
Microsoft Visual Studio Solution File, Format Version 12.00
# Visual Studio 14
VisualStudioVersion = 14.0.24720.0
MinimumVisualStudioVersion = 10.0.40219.1
Project("{FAE04EC0-301F-11D3-BF4B-00C04F79EFBC}") = "VsPackage", "VsPackage\VsPackage.csproj", "{E6276CAD-E4C3-4B25-876A-65B265EBFF1A}"
EndProject
Project("{FAE04EC0-301F-11D3-BF4B-00C04F79EFBC}") = "TestAdapter", "TestAdapter\TestAdapter.csproj", "{44C04E51-D543-4155-A57E-BBEB73D3F8E5}"
	ProjectSection(ProjectDependencies) = postProject
		{FDC95D92-5E1E-4BDF-AA35-181851FCE755} = {FDC95D92-5E1E-4BDF-AA35-181851FCE755}
	EndProjectSection
EndProject
Project("{FAE04EC0-301F-11D3-BF4B-00C04F79EFBC}") = "Core.Tests", "Core.Tests\Core.Tests.csproj", "{B06C696E-E458-490A-AC44-9E4F460DBAFE}"
	ProjectSection(ProjectDependencies) = postProject
		{FDC95D92-5E1E-4BDF-AA35-181851FCE755} = {FDC95D92-5E1E-4BDF-AA35-181851FCE755}
	EndProjectSection
EndProject
Project("{2150E333-8FDC-42A3-9474-1A3956D46DE8}") = "Solution Items", "Solution Items", "{1F754A4D-BD42-4368-8B90-F3C03F24A2F3}"
	ProjectSection(SolutionItems) = preProject
		Resources\AllTestSettings.gta.runsettings = Resources\AllTestSettings.gta.runsettings
		..\appveyor.yml = ..\appveyor.yml
		GTA_Traits.h = GTA_Traits.h
		..\README.md = ..\README.md
	EndProjectSection
EndProject
Project("{FAE04EC0-301F-11D3-BF4B-00C04F79EFBC}") = "DiaResolver", "DiaResolver\DiaResolver.csproj", "{FDC95D92-5E1E-4BDF-AA35-181851FCE755}"
EndProject
Project("{FAE04EC0-301F-11D3-BF4B-00C04F79EFBC}") = "TestAdapter.Tests", "TestAdapter.Tests\TestAdapter.Tests.csproj", "{A3ADB538-F3DF-4C5F-960D-11B6DF66A1A3}"
EndProject
Project("{FAE04EC0-301F-11D3-BF4B-00C04F79EFBC}") = "DiaResolver.Tests", "DiaResolver.Tests\DiaResolver.Tests.csproj", "{941BA1B7-2CF4-4D5C-8680-5C73CD6FE197}"
EndProject
Project("{FAE04EC0-301F-11D3-BF4B-00C04F79EFBC}") = "Core", "Core\Core.csproj", "{7F4372DA-70E2-48D0-BEE2-8043528428D0}"
EndProject
Project("{FAE04EC0-301F-11D3-BF4B-00C04F79EFBC}") = "VsPackage.Tests", "VsPackage.Tests\VsPackage.Tests.csproj", "{B9C827B5-DC90-4A78-B477-852EAE1196AF}"
	ProjectSection(ProjectDependencies) = postProject
		{E6276CAD-E4C3-4B25-876A-65B265EBFF1A} = {E6276CAD-E4C3-4B25-876A-65B265EBFF1A}
	EndProjectSection
EndProject
Project("{FAE04EC0-301F-11D3-BF4B-00C04F79EFBC}") = "VsPackage.Tests.Generated", "VsPackage.Tests.Generated\VsPackage.Tests.Generated.csproj", "{032BEBF7-2D2B-4CFD-B53D-E3D21B3AC9D6}"
	ProjectSection(ProjectDependencies) = postProject
		{A3ADB538-F3DF-4C5F-960D-11B6DF66A1A3} = {A3ADB538-F3DF-4C5F-960D-11B6DF66A1A3}
		{B06C696E-E458-490A-AC44-9E4F460DBAFE} = {B06C696E-E458-490A-AC44-9E4F460DBAFE}
		{B9C827B5-DC90-4A78-B477-852EAE1196AF} = {B9C827B5-DC90-4A78-B477-852EAE1196AF}
	EndProjectSection
EndProject
Global
	GlobalSection(SolutionConfigurationPlatforms) = preSolution
		Debug|Any CPU = Debug|Any CPU
		Release|Any CPU = Release|Any CPU
	EndGlobalSection
	GlobalSection(ProjectConfigurationPlatforms) = postSolution
		{E6276CAD-E4C3-4B25-876A-65B265EBFF1A}.Debug|Any CPU.ActiveCfg = Debug|Any CPU
		{E6276CAD-E4C3-4B25-876A-65B265EBFF1A}.Debug|Any CPU.Build.0 = Debug|Any CPU
		{E6276CAD-E4C3-4B25-876A-65B265EBFF1A}.Release|Any CPU.ActiveCfg = Release|Any CPU
		{E6276CAD-E4C3-4B25-876A-65B265EBFF1A}.Release|Any CPU.Build.0 = Release|Any CPU
		{44C04E51-D543-4155-A57E-BBEB73D3F8E5}.Debug|Any CPU.ActiveCfg = Debug|Any CPU
		{44C04E51-D543-4155-A57E-BBEB73D3F8E5}.Debug|Any CPU.Build.0 = Debug|Any CPU
		{44C04E51-D543-4155-A57E-BBEB73D3F8E5}.Release|Any CPU.ActiveCfg = Release|Any CPU
		{44C04E51-D543-4155-A57E-BBEB73D3F8E5}.Release|Any CPU.Build.0 = Release|Any CPU
		{B06C696E-E458-490A-AC44-9E4F460DBAFE}.Debug|Any CPU.ActiveCfg = Debug|Any CPU
		{B06C696E-E458-490A-AC44-9E4F460DBAFE}.Debug|Any CPU.Build.0 = Debug|Any CPU
		{B06C696E-E458-490A-AC44-9E4F460DBAFE}.Release|Any CPU.ActiveCfg = Release|Any CPU
		{B06C696E-E458-490A-AC44-9E4F460DBAFE}.Release|Any CPU.Build.0 = Release|Any CPU
		{FDC95D92-5E1E-4BDF-AA35-181851FCE755}.Debug|Any CPU.ActiveCfg = Debug|Any CPU
		{FDC95D92-5E1E-4BDF-AA35-181851FCE755}.Debug|Any CPU.Build.0 = Debug|Any CPU
		{FDC95D92-5E1E-4BDF-AA35-181851FCE755}.Release|Any CPU.ActiveCfg = Release|Any CPU
		{FDC95D92-5E1E-4BDF-AA35-181851FCE755}.Release|Any CPU.Build.0 = Release|Any CPU
		{A3ADB538-F3DF-4C5F-960D-11B6DF66A1A3}.Debug|Any CPU.ActiveCfg = Debug|Any CPU
		{A3ADB538-F3DF-4C5F-960D-11B6DF66A1A3}.Debug|Any CPU.Build.0 = Debug|Any CPU
		{A3ADB538-F3DF-4C5F-960D-11B6DF66A1A3}.Release|Any CPU.ActiveCfg = Release|Any CPU
		{A3ADB538-F3DF-4C5F-960D-11B6DF66A1A3}.Release|Any CPU.Build.0 = Release|Any CPU
		{941BA1B7-2CF4-4D5C-8680-5C73CD6FE197}.Debug|Any CPU.ActiveCfg = Debug|Any CPU
		{941BA1B7-2CF4-4D5C-8680-5C73CD6FE197}.Debug|Any CPU.Build.0 = Debug|Any CPU
		{941BA1B7-2CF4-4D5C-8680-5C73CD6FE197}.Release|Any CPU.ActiveCfg = Release|Any CPU
		{941BA1B7-2CF4-4D5C-8680-5C73CD6FE197}.Release|Any CPU.Build.0 = Release|Any CPU
		{7F4372DA-70E2-48D0-BEE2-8043528428D0}.Debug|Any CPU.ActiveCfg = Debug|Any CPU
		{7F4372DA-70E2-48D0-BEE2-8043528428D0}.Debug|Any CPU.Build.0 = Debug|Any CPU
		{7F4372DA-70E2-48D0-BEE2-8043528428D0}.Release|Any CPU.ActiveCfg = Release|Any CPU
		{7F4372DA-70E2-48D0-BEE2-8043528428D0}.Release|Any CPU.Build.0 = Release|Any CPU
		{B9C827B5-DC90-4A78-B477-852EAE1196AF}.Debug|Any CPU.ActiveCfg = Debug|Any CPU
		{B9C827B5-DC90-4A78-B477-852EAE1196AF}.Debug|Any CPU.Build.0 = Debug|Any CPU
		{B9C827B5-DC90-4A78-B477-852EAE1196AF}.Release|Any CPU.ActiveCfg = Release|Any CPU
		{B9C827B5-DC90-4A78-B477-852EAE1196AF}.Release|Any CPU.Build.0 = Release|Any CPU
		{032BEBF7-2D2B-4CFD-B53D-E3D21B3AC9D6}.Debug|Any CPU.ActiveCfg = Debug|Any CPU
		{032BEBF7-2D2B-4CFD-B53D-E3D21B3AC9D6}.Debug|Any CPU.Build.0 = Debug|Any CPU
		{032BEBF7-2D2B-4CFD-B53D-E3D21B3AC9D6}.Release|Any CPU.ActiveCfg = Release|Any CPU
		{032BEBF7-2D2B-4CFD-B53D-E3D21B3AC9D6}.Release|Any CPU.Build.0 = Release|Any CPU
	EndGlobalSection
	GlobalSection(SolutionProperties) = preSolution
		HideSolutionNode = FALSE
	EndGlobalSection
EndGlobal
