
Microsoft Visual Studio Solution File, Format Version 12.00
# Visual Studio 15
VisualStudioVersion = 15.0.26014.0
MinimumVisualStudioVersion = 10.0.40219.1
Project("{2150E333-8FDC-42A3-9474-1A3956D46DE8}") = "Solution Items", "Solution Items", "{1F754A4D-BD42-4368-8B90-F3C03F24A2F3}"
	ProjectSection(SolutionItems) = preProject
		Resources\AllTestSettings.gta.runsettings = Resources\AllTestSettings.gta.runsettings
		..\appveyor.yml = ..\appveyor.yml
		..\codecov.yml = ..\codecov.yml
		..\LICENSE.md = ..\LICENSE.md
		..\README.md = ..\README.md
		SetVersion.bat = SetVersion.bat
		SetVersion.ps1 = SetVersion.ps1
	EndProjectSection
EndProject
Project("{2150E333-8FDC-42A3-9474-1A3956D46DE8}") = "Tests", "Tests", "{DF889D8C-7879-48EE-811D-7D8D1EEF6F0A}"
EndProject
Project("{2150E333-8FDC-42A3-9474-1A3956D46DE8}") = "SampleTests", "SampleTests", "{1FF56AF6-0ACE-4FE8-B802-4832703EC2DC}"
EndProject
Project("{2150E333-8FDC-42A3-9474-1A3956D46DE8}") = "SampleTests Solution Items", "SampleTests Solution Items", "{64AF842B-3041-4A46-8A6A-E947284E8454}"
	ProjectSection(SolutionItems) = preProject
		..\SampleTests\No.runsettings = ..\SampleTests\No.runsettings
		..\SampleTests\NonDeterministic.runsettings = ..\SampleTests\NonDeterministic.runsettings
		..\SampleTests\SampleTests.gta.runsettings = ..\SampleTests\SampleTests.gta.runsettings
	EndProjectSection
EndProject
Project("{FAE04EC0-301F-11D3-BF4B-00C04F79EFBC}") = "VsPackage", "VsPackage\VsPackage.csproj", "{E6276CAD-E4C3-4B25-876A-65B265EBFF1A}"
EndProject
Project("{FAE04EC0-301F-11D3-BF4B-00C04F79EFBC}") = "TestAdapter", "TestAdapter\TestAdapter.csproj", "{44C04E51-D543-4155-A57E-BBEB73D3F8E5}"
	ProjectSection(ProjectDependencies) = postProject
		{FDC95D92-5E1E-4BDF-AA35-181851FCE755} = {FDC95D92-5E1E-4BDF-AA35-181851FCE755}
	EndProjectSection
EndProject
Project("{FAE04EC0-301F-11D3-BF4B-00C04F79EFBC}") = "Core.Tests", "Core.Tests\Core.Tests.csproj", "{B06C696E-E458-490A-AC44-9E4F460DBAFE}"
	ProjectSection(ProjectDependencies) = postProject
		{12952B24-C70B-4A26-839A-EE4183BE8CC0} = {12952B24-C70B-4A26-839A-EE4183BE8CC0}
		{FDC95D92-5E1E-4BDF-AA35-181851FCE755} = {FDC95D92-5E1E-4BDF-AA35-181851FCE755}
	EndProjectSection
EndProject
Project("{FAE04EC0-301F-11D3-BF4B-00C04F79EFBC}") = "DiaResolver", "DiaResolver\DiaResolver.csproj", "{FDC95D92-5E1E-4BDF-AA35-181851FCE755}"
EndProject
Project("{FAE04EC0-301F-11D3-BF4B-00C04F79EFBC}") = "TestAdapter.Tests", "TestAdapter.Tests\TestAdapter.Tests.csproj", "{A3ADB538-F3DF-4C5F-960D-11B6DF66A1A3}"
	ProjectSection(ProjectDependencies) = postProject
		{12952B24-C70B-4A26-839A-EE4183BE8CC0} = {12952B24-C70B-4A26-839A-EE4183BE8CC0}
	EndProjectSection
EndProject
Project("{FAE04EC0-301F-11D3-BF4B-00C04F79EFBC}") = "DiaResolver.Tests", "DiaResolver.Tests\DiaResolver.Tests.csproj", "{941BA1B7-2CF4-4D5C-8680-5C73CD6FE197}"
	ProjectSection(ProjectDependencies) = postProject
		{12952B24-C70B-4A26-839A-EE4183BE8CC0} = {12952B24-C70B-4A26-839A-EE4183BE8CC0}
	EndProjectSection
EndProject
Project("{FAE04EC0-301F-11D3-BF4B-00C04F79EFBC}") = "Core", "Core\Core.csproj", "{7F4372DA-70E2-48D0-BEE2-8043528428D0}"
EndProject
Project("{FAE04EC0-301F-11D3-BF4B-00C04F79EFBC}") = "VsPackage.Tests", "VsPackage.Tests\VsPackage.Tests.csproj", "{B9C827B5-DC90-4A78-B477-852EAE1196AF}"
	ProjectSection(ProjectDependencies) = postProject
		{12952B24-C70B-4A26-839A-EE4183BE8CC0} = {12952B24-C70B-4A26-839A-EE4183BE8CC0}
		{E6276CAD-E4C3-4B25-876A-65B265EBFF1A} = {E6276CAD-E4C3-4B25-876A-65B265EBFF1A}
	EndProjectSection
EndProject
Project("{FAE04EC0-301F-11D3-BF4B-00C04F79EFBC}") = "VsPackage.Tests.Generated", "VsPackage.Tests.Generated\VsPackage.Tests.Generated.csproj", "{032BEBF7-2D2B-4CFD-B53D-E3D21B3AC9D6}"
	ProjectSection(ProjectDependencies) = postProject
		{12952B24-C70B-4A26-839A-EE4183BE8CC0} = {12952B24-C70B-4A26-839A-EE4183BE8CC0}
		{A3ADB538-F3DF-4C5F-960D-11B6DF66A1A3} = {A3ADB538-F3DF-4C5F-960D-11B6DF66A1A3}
		{B06C696E-E458-490A-AC44-9E4F460DBAFE} = {B06C696E-E458-490A-AC44-9E4F460DBAFE}
		{B9C827B5-DC90-4A78-B477-852EAE1196AF} = {B9C827B5-DC90-4A78-B477-852EAE1196AF}
	EndProjectSection
EndProject
Project("{FAE04EC0-301F-11D3-BF4B-00C04F79EFBC}") = "Common", "Common\Common.csproj", "{BC05D210-68CD-47D0-AE8C-0F3168D1BE73}"
EndProject
Project("{FAE04EC0-301F-11D3-BF4B-00C04F79EFBC}") = "VsPackage.Tests.Unit", "VsPackage.Tests.Unit\VsPackage.Tests.Unit.csproj", "{87F26371-0005-4301-9C49-A6DF4F06B81C}"
	ProjectSection(ProjectDependencies) = postProject
		{12952B24-C70B-4A26-839A-EE4183BE8CC0} = {12952B24-C70B-4A26-839A-EE4183BE8CC0}
	EndProjectSection
EndProject
Project("{FAE04EC0-301F-11D3-BF4B-00C04F79EFBC}") = "SampleTestsBuilder", "SampleTestsBuilder\SampleTestsBuilder.csproj", "{12952B24-C70B-4A26-839A-EE4183BE8CC0}"
	ProjectSection(ProjectDependencies) = postProject
		{04990B2A-C7B5-40DA-A856-230E1E062FF1} = {04990B2A-C7B5-40DA-A856-230E1E062FF1}
	EndProjectSection
EndProject
Project("{FAE04EC0-301F-11D3-BF4B-00C04F79EFBC}") = "Tests.Common", "Tests.Common\Tests.Common.csproj", "{2F0E4458-6C1C-461F-A60A-B731AD97E839}"
EndProject
Project("{8BC9CEB8-8B4A-11D0-8D11-00A0C91BC942}") = "Tests", "..\SampleTests\Tests\Tests.vcxproj", "{04990B2A-C7B5-40DA-A856-230E1E062FF1}"
EndProject
Project("{8BC9CEB8-8B4A-11D0-8D11-00A0C91BC942}") = "LongRunningTests", "..\SampleTests\LongRunningTests\LongRunningTests.vcxproj", "{A5AA0879-9511-420A-9025-1AB87FAB7348}"
EndProject
Project("{8BC9CEB8-8B4A-11D0-8D11-00A0C91BC942}") = "LoadTests", "..\SampleTests\LoadTests\LoadTests.vcxproj", "{446DA549-6EEF-4C48-A73C-F35B79C0BDE9}"
EndProject
Project("{8BC9CEB8-8B4A-11D0-8D11-00A0C91BC942}") = "LibProject", "..\SampleTests\LibProject\LibProject.vcxproj", "{1F2C133F-B7BD-4446-A65C-3F7EF9A22CE0}"
EndProject
Project("{8BC9CEB8-8B4A-11D0-8D11-00A0C91BC942}") = "CrashingTests", "..\SampleTests\CrashingTests\CrashingTests.vcxproj", "{4A4606CD-6D7B-4F76-8981-46D3C74E18BD}"
EndProject
Project("{FAE04EC0-301F-11D3-BF4B-00C04F79EFBC}") = "Tests.Common.EndToEnd", "Tests.Common.EndToEnd\Tests.Common.EndToEnd.csproj", "{C3F11E93-2EFF-4BB6-ADC9-3B42727E4816}"
EndProject
Project("{FAE04EC0-301F-11D3-BF4B-00C04F79EFBC}") = "Tests.Common.UI", "Tests.Common.UI\Tests.Common.UI.csproj", "{C6AC8E0B-DE31-4F0E-BE9D-837D9A2CA828}"
EndProject
Global
	GlobalSection(SolutionConfigurationPlatforms) = preSolution
		Debug|Any CPU = Debug|Any CPU
		Debug|x64 = Debug|x64
		Debug|x86 = Debug|x86
		Release|Any CPU = Release|Any CPU
		Release|x64 = Release|x64
		Release|x86 = Release|x86
	EndGlobalSection
	GlobalSection(ProjectConfigurationPlatforms) = postSolution
		{E6276CAD-E4C3-4B25-876A-65B265EBFF1A}.Debug|Any CPU.ActiveCfg = Debug|Any CPU
		{E6276CAD-E4C3-4B25-876A-65B265EBFF1A}.Debug|Any CPU.Build.0 = Debug|Any CPU
		{E6276CAD-E4C3-4B25-876A-65B265EBFF1A}.Debug|x64.ActiveCfg = Debug|Any CPU
		{E6276CAD-E4C3-4B25-876A-65B265EBFF1A}.Debug|x64.Build.0 = Debug|Any CPU
		{E6276CAD-E4C3-4B25-876A-65B265EBFF1A}.Debug|x86.ActiveCfg = Debug|Any CPU
		{E6276CAD-E4C3-4B25-876A-65B265EBFF1A}.Debug|x86.Build.0 = Debug|Any CPU
		{E6276CAD-E4C3-4B25-876A-65B265EBFF1A}.Release|Any CPU.ActiveCfg = Release|Any CPU
		{E6276CAD-E4C3-4B25-876A-65B265EBFF1A}.Release|Any CPU.Build.0 = Release|Any CPU
		{E6276CAD-E4C3-4B25-876A-65B265EBFF1A}.Release|x64.ActiveCfg = Release|Any CPU
		{E6276CAD-E4C3-4B25-876A-65B265EBFF1A}.Release|x64.Build.0 = Release|Any CPU
		{E6276CAD-E4C3-4B25-876A-65B265EBFF1A}.Release|x86.ActiveCfg = Release|Any CPU
		{E6276CAD-E4C3-4B25-876A-65B265EBFF1A}.Release|x86.Build.0 = Release|Any CPU
		{44C04E51-D543-4155-A57E-BBEB73D3F8E5}.Debug|Any CPU.ActiveCfg = Debug|Any CPU
		{44C04E51-D543-4155-A57E-BBEB73D3F8E5}.Debug|Any CPU.Build.0 = Debug|Any CPU
		{44C04E51-D543-4155-A57E-BBEB73D3F8E5}.Debug|x64.ActiveCfg = Debug|Any CPU
		{44C04E51-D543-4155-A57E-BBEB73D3F8E5}.Debug|x64.Build.0 = Debug|Any CPU
		{44C04E51-D543-4155-A57E-BBEB73D3F8E5}.Debug|x86.ActiveCfg = Debug|Any CPU
		{44C04E51-D543-4155-A57E-BBEB73D3F8E5}.Debug|x86.Build.0 = Debug|Any CPU
		{44C04E51-D543-4155-A57E-BBEB73D3F8E5}.Release|Any CPU.ActiveCfg = Release|Any CPU
		{44C04E51-D543-4155-A57E-BBEB73D3F8E5}.Release|Any CPU.Build.0 = Release|Any CPU
		{44C04E51-D543-4155-A57E-BBEB73D3F8E5}.Release|x64.ActiveCfg = Release|Any CPU
		{44C04E51-D543-4155-A57E-BBEB73D3F8E5}.Release|x64.Build.0 = Release|Any CPU
		{44C04E51-D543-4155-A57E-BBEB73D3F8E5}.Release|x86.ActiveCfg = Release|Any CPU
		{44C04E51-D543-4155-A57E-BBEB73D3F8E5}.Release|x86.Build.0 = Release|Any CPU
		{B06C696E-E458-490A-AC44-9E4F460DBAFE}.Debug|Any CPU.ActiveCfg = Debug|Any CPU
		{B06C696E-E458-490A-AC44-9E4F460DBAFE}.Debug|Any CPU.Build.0 = Debug|Any CPU
		{B06C696E-E458-490A-AC44-9E4F460DBAFE}.Debug|x64.ActiveCfg = Debug|Any CPU
		{B06C696E-E458-490A-AC44-9E4F460DBAFE}.Debug|x64.Build.0 = Debug|Any CPU
		{B06C696E-E458-490A-AC44-9E4F460DBAFE}.Debug|x86.ActiveCfg = Debug|Any CPU
		{B06C696E-E458-490A-AC44-9E4F460DBAFE}.Debug|x86.Build.0 = Debug|Any CPU
		{B06C696E-E458-490A-AC44-9E4F460DBAFE}.Release|Any CPU.ActiveCfg = Release|Any CPU
		{B06C696E-E458-490A-AC44-9E4F460DBAFE}.Release|Any CPU.Build.0 = Release|Any CPU
		{B06C696E-E458-490A-AC44-9E4F460DBAFE}.Release|x64.ActiveCfg = Release|Any CPU
		{B06C696E-E458-490A-AC44-9E4F460DBAFE}.Release|x64.Build.0 = Release|Any CPU
		{B06C696E-E458-490A-AC44-9E4F460DBAFE}.Release|x86.ActiveCfg = Release|Any CPU
		{B06C696E-E458-490A-AC44-9E4F460DBAFE}.Release|x86.Build.0 = Release|Any CPU
		{FDC95D92-5E1E-4BDF-AA35-181851FCE755}.Debug|Any CPU.ActiveCfg = Debug|Any CPU
		{FDC95D92-5E1E-4BDF-AA35-181851FCE755}.Debug|Any CPU.Build.0 = Debug|Any CPU
		{FDC95D92-5E1E-4BDF-AA35-181851FCE755}.Debug|x64.ActiveCfg = Debug|Any CPU
		{FDC95D92-5E1E-4BDF-AA35-181851FCE755}.Debug|x64.Build.0 = Debug|Any CPU
		{FDC95D92-5E1E-4BDF-AA35-181851FCE755}.Debug|x86.ActiveCfg = Debug|Any CPU
		{FDC95D92-5E1E-4BDF-AA35-181851FCE755}.Debug|x86.Build.0 = Debug|Any CPU
		{FDC95D92-5E1E-4BDF-AA35-181851FCE755}.Release|Any CPU.ActiveCfg = Release|Any CPU
		{FDC95D92-5E1E-4BDF-AA35-181851FCE755}.Release|Any CPU.Build.0 = Release|Any CPU
		{FDC95D92-5E1E-4BDF-AA35-181851FCE755}.Release|x64.ActiveCfg = Release|Any CPU
		{FDC95D92-5E1E-4BDF-AA35-181851FCE755}.Release|x64.Build.0 = Release|Any CPU
		{FDC95D92-5E1E-4BDF-AA35-181851FCE755}.Release|x86.ActiveCfg = Release|Any CPU
		{FDC95D92-5E1E-4BDF-AA35-181851FCE755}.Release|x86.Build.0 = Release|Any CPU
		{A3ADB538-F3DF-4C5F-960D-11B6DF66A1A3}.Debug|Any CPU.ActiveCfg = Debug|Any CPU
		{A3ADB538-F3DF-4C5F-960D-11B6DF66A1A3}.Debug|Any CPU.Build.0 = Debug|Any CPU
		{A3ADB538-F3DF-4C5F-960D-11B6DF66A1A3}.Debug|x64.ActiveCfg = Debug|Any CPU
		{A3ADB538-F3DF-4C5F-960D-11B6DF66A1A3}.Debug|x64.Build.0 = Debug|Any CPU
		{A3ADB538-F3DF-4C5F-960D-11B6DF66A1A3}.Debug|x86.ActiveCfg = Debug|Any CPU
		{A3ADB538-F3DF-4C5F-960D-11B6DF66A1A3}.Debug|x86.Build.0 = Debug|Any CPU
		{A3ADB538-F3DF-4C5F-960D-11B6DF66A1A3}.Release|Any CPU.ActiveCfg = Release|Any CPU
		{A3ADB538-F3DF-4C5F-960D-11B6DF66A1A3}.Release|Any CPU.Build.0 = Release|Any CPU
		{A3ADB538-F3DF-4C5F-960D-11B6DF66A1A3}.Release|x64.ActiveCfg = Release|Any CPU
		{A3ADB538-F3DF-4C5F-960D-11B6DF66A1A3}.Release|x64.Build.0 = Release|Any CPU
		{A3ADB538-F3DF-4C5F-960D-11B6DF66A1A3}.Release|x86.ActiveCfg = Release|Any CPU
		{A3ADB538-F3DF-4C5F-960D-11B6DF66A1A3}.Release|x86.Build.0 = Release|Any CPU
		{941BA1B7-2CF4-4D5C-8680-5C73CD6FE197}.Debug|Any CPU.ActiveCfg = Debug|Any CPU
		{941BA1B7-2CF4-4D5C-8680-5C73CD6FE197}.Debug|Any CPU.Build.0 = Debug|Any CPU
		{941BA1B7-2CF4-4D5C-8680-5C73CD6FE197}.Debug|x64.ActiveCfg = Debug|Any CPU
		{941BA1B7-2CF4-4D5C-8680-5C73CD6FE197}.Debug|x64.Build.0 = Debug|Any CPU
		{941BA1B7-2CF4-4D5C-8680-5C73CD6FE197}.Debug|x86.ActiveCfg = Debug|Any CPU
		{941BA1B7-2CF4-4D5C-8680-5C73CD6FE197}.Debug|x86.Build.0 = Debug|Any CPU
		{941BA1B7-2CF4-4D5C-8680-5C73CD6FE197}.Release|Any CPU.ActiveCfg = Release|Any CPU
		{941BA1B7-2CF4-4D5C-8680-5C73CD6FE197}.Release|Any CPU.Build.0 = Release|Any CPU
		{941BA1B7-2CF4-4D5C-8680-5C73CD6FE197}.Release|x64.ActiveCfg = Release|Any CPU
		{941BA1B7-2CF4-4D5C-8680-5C73CD6FE197}.Release|x64.Build.0 = Release|Any CPU
		{941BA1B7-2CF4-4D5C-8680-5C73CD6FE197}.Release|x86.ActiveCfg = Release|Any CPU
		{941BA1B7-2CF4-4D5C-8680-5C73CD6FE197}.Release|x86.Build.0 = Release|Any CPU
		{7F4372DA-70E2-48D0-BEE2-8043528428D0}.Debug|Any CPU.ActiveCfg = Debug|Any CPU
		{7F4372DA-70E2-48D0-BEE2-8043528428D0}.Debug|Any CPU.Build.0 = Debug|Any CPU
		{7F4372DA-70E2-48D0-BEE2-8043528428D0}.Debug|x64.ActiveCfg = Debug|Any CPU
		{7F4372DA-70E2-48D0-BEE2-8043528428D0}.Debug|x64.Build.0 = Debug|Any CPU
		{7F4372DA-70E2-48D0-BEE2-8043528428D0}.Debug|x86.ActiveCfg = Debug|Any CPU
		{7F4372DA-70E2-48D0-BEE2-8043528428D0}.Debug|x86.Build.0 = Debug|Any CPU
		{7F4372DA-70E2-48D0-BEE2-8043528428D0}.Release|Any CPU.ActiveCfg = Release|Any CPU
		{7F4372DA-70E2-48D0-BEE2-8043528428D0}.Release|Any CPU.Build.0 = Release|Any CPU
		{7F4372DA-70E2-48D0-BEE2-8043528428D0}.Release|x64.ActiveCfg = Release|Any CPU
		{7F4372DA-70E2-48D0-BEE2-8043528428D0}.Release|x64.Build.0 = Release|Any CPU
		{7F4372DA-70E2-48D0-BEE2-8043528428D0}.Release|x86.ActiveCfg = Release|Any CPU
		{7F4372DA-70E2-48D0-BEE2-8043528428D0}.Release|x86.Build.0 = Release|Any CPU
		{B9C827B5-DC90-4A78-B477-852EAE1196AF}.Debug|Any CPU.ActiveCfg = Debug|Any CPU
		{B9C827B5-DC90-4A78-B477-852EAE1196AF}.Debug|Any CPU.Build.0 = Debug|Any CPU
		{B9C827B5-DC90-4A78-B477-852EAE1196AF}.Debug|x64.ActiveCfg = Debug|Any CPU
		{B9C827B5-DC90-4A78-B477-852EAE1196AF}.Debug|x64.Build.0 = Debug|Any CPU
		{B9C827B5-DC90-4A78-B477-852EAE1196AF}.Debug|x86.ActiveCfg = Debug|Any CPU
		{B9C827B5-DC90-4A78-B477-852EAE1196AF}.Debug|x86.Build.0 = Debug|Any CPU
		{B9C827B5-DC90-4A78-B477-852EAE1196AF}.Release|Any CPU.ActiveCfg = Release|Any CPU
		{B9C827B5-DC90-4A78-B477-852EAE1196AF}.Release|Any CPU.Build.0 = Release|Any CPU
		{B9C827B5-DC90-4A78-B477-852EAE1196AF}.Release|x64.ActiveCfg = Release|Any CPU
		{B9C827B5-DC90-4A78-B477-852EAE1196AF}.Release|x64.Build.0 = Release|Any CPU
		{B9C827B5-DC90-4A78-B477-852EAE1196AF}.Release|x86.ActiveCfg = Release|Any CPU
		{B9C827B5-DC90-4A78-B477-852EAE1196AF}.Release|x86.Build.0 = Release|Any CPU
		{032BEBF7-2D2B-4CFD-B53D-E3D21B3AC9D6}.Debug|Any CPU.ActiveCfg = Debug|Any CPU
		{032BEBF7-2D2B-4CFD-B53D-E3D21B3AC9D6}.Debug|Any CPU.Build.0 = Debug|Any CPU
		{032BEBF7-2D2B-4CFD-B53D-E3D21B3AC9D6}.Debug|x64.ActiveCfg = Debug|Any CPU
		{032BEBF7-2D2B-4CFD-B53D-E3D21B3AC9D6}.Debug|x64.Build.0 = Debug|Any CPU
		{032BEBF7-2D2B-4CFD-B53D-E3D21B3AC9D6}.Debug|x86.ActiveCfg = Debug|Any CPU
		{032BEBF7-2D2B-4CFD-B53D-E3D21B3AC9D6}.Debug|x86.Build.0 = Debug|Any CPU
		{032BEBF7-2D2B-4CFD-B53D-E3D21B3AC9D6}.Release|Any CPU.ActiveCfg = Release|Any CPU
		{032BEBF7-2D2B-4CFD-B53D-E3D21B3AC9D6}.Release|Any CPU.Build.0 = Release|Any CPU
		{032BEBF7-2D2B-4CFD-B53D-E3D21B3AC9D6}.Release|x64.ActiveCfg = Release|Any CPU
		{032BEBF7-2D2B-4CFD-B53D-E3D21B3AC9D6}.Release|x64.Build.0 = Release|Any CPU
		{032BEBF7-2D2B-4CFD-B53D-E3D21B3AC9D6}.Release|x86.ActiveCfg = Release|Any CPU
		{032BEBF7-2D2B-4CFD-B53D-E3D21B3AC9D6}.Release|x86.Build.0 = Release|Any CPU
		{BC05D210-68CD-47D0-AE8C-0F3168D1BE73}.Debug|Any CPU.ActiveCfg = Debug|Any CPU
		{BC05D210-68CD-47D0-AE8C-0F3168D1BE73}.Debug|Any CPU.Build.0 = Debug|Any CPU
		{BC05D210-68CD-47D0-AE8C-0F3168D1BE73}.Debug|x64.ActiveCfg = Debug|Any CPU
		{BC05D210-68CD-47D0-AE8C-0F3168D1BE73}.Debug|x64.Build.0 = Debug|Any CPU
		{BC05D210-68CD-47D0-AE8C-0F3168D1BE73}.Debug|x86.ActiveCfg = Debug|Any CPU
		{BC05D210-68CD-47D0-AE8C-0F3168D1BE73}.Debug|x86.Build.0 = Debug|Any CPU
		{BC05D210-68CD-47D0-AE8C-0F3168D1BE73}.Release|Any CPU.ActiveCfg = Release|Any CPU
		{BC05D210-68CD-47D0-AE8C-0F3168D1BE73}.Release|Any CPU.Build.0 = Release|Any CPU
		{BC05D210-68CD-47D0-AE8C-0F3168D1BE73}.Release|x64.ActiveCfg = Release|Any CPU
		{BC05D210-68CD-47D0-AE8C-0F3168D1BE73}.Release|x64.Build.0 = Release|Any CPU
		{BC05D210-68CD-47D0-AE8C-0F3168D1BE73}.Release|x86.ActiveCfg = Release|Any CPU
		{BC05D210-68CD-47D0-AE8C-0F3168D1BE73}.Release|x86.Build.0 = Release|Any CPU
		{87F26371-0005-4301-9C49-A6DF4F06B81C}.Debug|Any CPU.ActiveCfg = Debug|Any CPU
		{87F26371-0005-4301-9C49-A6DF4F06B81C}.Debug|Any CPU.Build.0 = Debug|Any CPU
		{87F26371-0005-4301-9C49-A6DF4F06B81C}.Debug|x64.ActiveCfg = Debug|Any CPU
		{87F26371-0005-4301-9C49-A6DF4F06B81C}.Debug|x64.Build.0 = Debug|Any CPU
		{87F26371-0005-4301-9C49-A6DF4F06B81C}.Debug|x86.ActiveCfg = Debug|Any CPU
		{87F26371-0005-4301-9C49-A6DF4F06B81C}.Debug|x86.Build.0 = Debug|Any CPU
		{87F26371-0005-4301-9C49-A6DF4F06B81C}.Release|Any CPU.ActiveCfg = Release|Any CPU
		{87F26371-0005-4301-9C49-A6DF4F06B81C}.Release|Any CPU.Build.0 = Release|Any CPU
		{87F26371-0005-4301-9C49-A6DF4F06B81C}.Release|x64.ActiveCfg = Release|Any CPU
		{87F26371-0005-4301-9C49-A6DF4F06B81C}.Release|x64.Build.0 = Release|Any CPU
		{87F26371-0005-4301-9C49-A6DF4F06B81C}.Release|x86.ActiveCfg = Release|Any CPU
		{87F26371-0005-4301-9C49-A6DF4F06B81C}.Release|x86.Build.0 = Release|Any CPU
		{12952B24-C70B-4A26-839A-EE4183BE8CC0}.Debug|Any CPU.ActiveCfg = Debug|Any CPU
		{12952B24-C70B-4A26-839A-EE4183BE8CC0}.Debug|Any CPU.Build.0 = Debug|Any CPU
		{12952B24-C70B-4A26-839A-EE4183BE8CC0}.Debug|x64.ActiveCfg = Debug|Any CPU
		{12952B24-C70B-4A26-839A-EE4183BE8CC0}.Debug|x64.Build.0 = Debug|Any CPU
		{12952B24-C70B-4A26-839A-EE4183BE8CC0}.Debug|x86.ActiveCfg = Debug|Any CPU
		{12952B24-C70B-4A26-839A-EE4183BE8CC0}.Debug|x86.Build.0 = Debug|Any CPU
		{12952B24-C70B-4A26-839A-EE4183BE8CC0}.Release|Any CPU.ActiveCfg = Release|Any CPU
		{12952B24-C70B-4A26-839A-EE4183BE8CC0}.Release|Any CPU.Build.0 = Release|Any CPU
		{12952B24-C70B-4A26-839A-EE4183BE8CC0}.Release|x64.ActiveCfg = Release|Any CPU
		{12952B24-C70B-4A26-839A-EE4183BE8CC0}.Release|x64.Build.0 = Release|Any CPU
		{12952B24-C70B-4A26-839A-EE4183BE8CC0}.Release|x86.ActiveCfg = Release|Any CPU
		{12952B24-C70B-4A26-839A-EE4183BE8CC0}.Release|x86.Build.0 = Release|Any CPU
		{2F0E4458-6C1C-461F-A60A-B731AD97E839}.Debug|Any CPU.ActiveCfg = Debug|Any CPU
		{2F0E4458-6C1C-461F-A60A-B731AD97E839}.Debug|Any CPU.Build.0 = Debug|Any CPU
		{2F0E4458-6C1C-461F-A60A-B731AD97E839}.Debug|x64.ActiveCfg = Debug|Any CPU
		{2F0E4458-6C1C-461F-A60A-B731AD97E839}.Debug|x64.Build.0 = Debug|Any CPU
		{2F0E4458-6C1C-461F-A60A-B731AD97E839}.Debug|x86.ActiveCfg = Debug|Any CPU
		{2F0E4458-6C1C-461F-A60A-B731AD97E839}.Debug|x86.Build.0 = Debug|Any CPU
		{2F0E4458-6C1C-461F-A60A-B731AD97E839}.Release|Any CPU.ActiveCfg = Release|Any CPU
		{2F0E4458-6C1C-461F-A60A-B731AD97E839}.Release|Any CPU.Build.0 = Release|Any CPU
		{2F0E4458-6C1C-461F-A60A-B731AD97E839}.Release|x64.ActiveCfg = Release|Any CPU
		{2F0E4458-6C1C-461F-A60A-B731AD97E839}.Release|x64.Build.0 = Release|Any CPU
		{2F0E4458-6C1C-461F-A60A-B731AD97E839}.Release|x86.ActiveCfg = Release|Any CPU
		{2F0E4458-6C1C-461F-A60A-B731AD97E839}.Release|x86.Build.0 = Release|Any CPU
		{04990B2A-C7B5-40DA-A856-230E1E062FF1}.Debug|Any CPU.ActiveCfg = Debug|Win32
		{04990B2A-C7B5-40DA-A856-230E1E062FF1}.Debug|x64.ActiveCfg = Debug|x64
		{04990B2A-C7B5-40DA-A856-230E1E062FF1}.Debug|x64.Build.0 = Debug|x64
		{04990B2A-C7B5-40DA-A856-230E1E062FF1}.Debug|x86.ActiveCfg = Debug|Win32
		{04990B2A-C7B5-40DA-A856-230E1E062FF1}.Debug|x86.Build.0 = Debug|Win32
		{04990B2A-C7B5-40DA-A856-230E1E062FF1}.Release|Any CPU.ActiveCfg = Release|Win32
		{04990B2A-C7B5-40DA-A856-230E1E062FF1}.Release|x64.ActiveCfg = Release|x64
		{04990B2A-C7B5-40DA-A856-230E1E062FF1}.Release|x64.Build.0 = Release|x64
		{04990B2A-C7B5-40DA-A856-230E1E062FF1}.Release|x86.ActiveCfg = Release|Win32
		{04990B2A-C7B5-40DA-A856-230E1E062FF1}.Release|x86.Build.0 = Release|Win32
		{A5AA0879-9511-420A-9025-1AB87FAB7348}.Debug|Any CPU.ActiveCfg = Debug|Win32
		{A5AA0879-9511-420A-9025-1AB87FAB7348}.Debug|x64.ActiveCfg = Debug|x64
		{A5AA0879-9511-420A-9025-1AB87FAB7348}.Debug|x64.Build.0 = Debug|x64
		{A5AA0879-9511-420A-9025-1AB87FAB7348}.Debug|x86.ActiveCfg = Debug|Win32
		{A5AA0879-9511-420A-9025-1AB87FAB7348}.Debug|x86.Build.0 = Debug|Win32
		{A5AA0879-9511-420A-9025-1AB87FAB7348}.Release|Any CPU.ActiveCfg = Release|Win32
		{A5AA0879-9511-420A-9025-1AB87FAB7348}.Release|x64.ActiveCfg = Release|x64
		{A5AA0879-9511-420A-9025-1AB87FAB7348}.Release|x64.Build.0 = Release|x64
		{A5AA0879-9511-420A-9025-1AB87FAB7348}.Release|x86.ActiveCfg = Release|Win32
		{A5AA0879-9511-420A-9025-1AB87FAB7348}.Release|x86.Build.0 = Release|Win32
		{446DA549-6EEF-4C48-A73C-F35B79C0BDE9}.Debug|Any CPU.ActiveCfg = Debug|Win32
		{446DA549-6EEF-4C48-A73C-F35B79C0BDE9}.Debug|x64.ActiveCfg = Debug|x64
		{446DA549-6EEF-4C48-A73C-F35B79C0BDE9}.Debug|x64.Build.0 = Debug|x64
		{446DA549-6EEF-4C48-A73C-F35B79C0BDE9}.Debug|x86.ActiveCfg = Debug|Win32
		{446DA549-6EEF-4C48-A73C-F35B79C0BDE9}.Debug|x86.Build.0 = Debug|Win32
		{446DA549-6EEF-4C48-A73C-F35B79C0BDE9}.Release|Any CPU.ActiveCfg = Release|Win32
		{446DA549-6EEF-4C48-A73C-F35B79C0BDE9}.Release|x64.ActiveCfg = Release|x64
		{446DA549-6EEF-4C48-A73C-F35B79C0BDE9}.Release|x64.Build.0 = Release|x64
		{446DA549-6EEF-4C48-A73C-F35B79C0BDE9}.Release|x86.ActiveCfg = Release|Win32
		{446DA549-6EEF-4C48-A73C-F35B79C0BDE9}.Release|x86.Build.0 = Release|Win32
		{1F2C133F-B7BD-4446-A65C-3F7EF9A22CE0}.Debug|Any CPU.ActiveCfg = Debug|Win32
		{1F2C133F-B7BD-4446-A65C-3F7EF9A22CE0}.Debug|x64.ActiveCfg = Debug|x64
		{1F2C133F-B7BD-4446-A65C-3F7EF9A22CE0}.Debug|x64.Build.0 = Debug|x64
		{1F2C133F-B7BD-4446-A65C-3F7EF9A22CE0}.Debug|x86.ActiveCfg = Debug|Win32
		{1F2C133F-B7BD-4446-A65C-3F7EF9A22CE0}.Debug|x86.Build.0 = Debug|Win32
		{1F2C133F-B7BD-4446-A65C-3F7EF9A22CE0}.Release|Any CPU.ActiveCfg = Release|Win32
		{1F2C133F-B7BD-4446-A65C-3F7EF9A22CE0}.Release|x64.ActiveCfg = Release|x64
		{1F2C133F-B7BD-4446-A65C-3F7EF9A22CE0}.Release|x64.Build.0 = Release|x64
		{1F2C133F-B7BD-4446-A65C-3F7EF9A22CE0}.Release|x86.ActiveCfg = Release|Win32
		{1F2C133F-B7BD-4446-A65C-3F7EF9A22CE0}.Release|x86.Build.0 = Release|Win32
		{4A4606CD-6D7B-4F76-8981-46D3C74E18BD}.Debug|Any CPU.ActiveCfg = Debug|Win32
		{4A4606CD-6D7B-4F76-8981-46D3C74E18BD}.Debug|x64.ActiveCfg = Debug|x64
		{4A4606CD-6D7B-4F76-8981-46D3C74E18BD}.Debug|x64.Build.0 = Debug|x64
		{4A4606CD-6D7B-4F76-8981-46D3C74E18BD}.Debug|x86.ActiveCfg = Debug|Win32
		{4A4606CD-6D7B-4F76-8981-46D3C74E18BD}.Debug|x86.Build.0 = Debug|Win32
		{4A4606CD-6D7B-4F76-8981-46D3C74E18BD}.Release|Any CPU.ActiveCfg = Release|Win32
		{4A4606CD-6D7B-4F76-8981-46D3C74E18BD}.Release|x64.ActiveCfg = Release|x64
		{4A4606CD-6D7B-4F76-8981-46D3C74E18BD}.Release|x64.Build.0 = Release|x64
		{4A4606CD-6D7B-4F76-8981-46D3C74E18BD}.Release|x86.ActiveCfg = Release|Win32
		{4A4606CD-6D7B-4F76-8981-46D3C74E18BD}.Release|x86.Build.0 = Release|Win32
		{C3F11E93-2EFF-4BB6-ADC9-3B42727E4816}.Debug|Any CPU.ActiveCfg = Debug|Any CPU
		{C3F11E93-2EFF-4BB6-ADC9-3B42727E4816}.Debug|Any CPU.Build.0 = Debug|Any CPU
		{C3F11E93-2EFF-4BB6-ADC9-3B42727E4816}.Debug|x64.ActiveCfg = Debug|Any CPU
		{C3F11E93-2EFF-4BB6-ADC9-3B42727E4816}.Debug|x64.Build.0 = Debug|Any CPU
		{C3F11E93-2EFF-4BB6-ADC9-3B42727E4816}.Debug|x86.ActiveCfg = Debug|Any CPU
		{C3F11E93-2EFF-4BB6-ADC9-3B42727E4816}.Debug|x86.Build.0 = Debug|Any CPU
		{C3F11E93-2EFF-4BB6-ADC9-3B42727E4816}.Release|Any CPU.ActiveCfg = Release|Any CPU
		{C3F11E93-2EFF-4BB6-ADC9-3B42727E4816}.Release|Any CPU.Build.0 = Release|Any CPU
		{C3F11E93-2EFF-4BB6-ADC9-3B42727E4816}.Release|x64.ActiveCfg = Release|Any CPU
		{C3F11E93-2EFF-4BB6-ADC9-3B42727E4816}.Release|x64.Build.0 = Release|Any CPU
		{C3F11E93-2EFF-4BB6-ADC9-3B42727E4816}.Release|x86.ActiveCfg = Release|Any CPU
		{C3F11E93-2EFF-4BB6-ADC9-3B42727E4816}.Release|x86.Build.0 = Release|Any CPU
		{C6AC8E0B-DE31-4F0E-BE9D-837D9A2CA828}.Debug|Any CPU.ActiveCfg = Debug|Any CPU
		{C6AC8E0B-DE31-4F0E-BE9D-837D9A2CA828}.Debug|Any CPU.Build.0 = Debug|Any CPU
		{C6AC8E0B-DE31-4F0E-BE9D-837D9A2CA828}.Debug|x64.ActiveCfg = Debug|Any CPU
		{C6AC8E0B-DE31-4F0E-BE9D-837D9A2CA828}.Debug|x64.Build.0 = Debug|Any CPU
		{C6AC8E0B-DE31-4F0E-BE9D-837D9A2CA828}.Debug|x86.ActiveCfg = Debug|Any CPU
		{C6AC8E0B-DE31-4F0E-BE9D-837D9A2CA828}.Debug|x86.Build.0 = Debug|Any CPU
		{C6AC8E0B-DE31-4F0E-BE9D-837D9A2CA828}.Release|Any CPU.ActiveCfg = Release|Any CPU
		{C6AC8E0B-DE31-4F0E-BE9D-837D9A2CA828}.Release|Any CPU.Build.0 = Release|Any CPU
		{C6AC8E0B-DE31-4F0E-BE9D-837D9A2CA828}.Release|x64.ActiveCfg = Release|Any CPU
		{C6AC8E0B-DE31-4F0E-BE9D-837D9A2CA828}.Release|x64.Build.0 = Release|Any CPU
		{C6AC8E0B-DE31-4F0E-BE9D-837D9A2CA828}.Release|x86.ActiveCfg = Release|Any CPU
		{C6AC8E0B-DE31-4F0E-BE9D-837D9A2CA828}.Release|x86.Build.0 = Release|Any CPU
	EndGlobalSection
	GlobalSection(SolutionProperties) = preSolution
		HideSolutionNode = FALSE
	EndGlobalSection
	GlobalSection(NestedProjects) = preSolution
		{1FF56AF6-0ACE-4FE8-B802-4832703EC2DC} = {DF889D8C-7879-48EE-811D-7D8D1EEF6F0A}
		{64AF842B-3041-4A46-8A6A-E947284E8454} = {1FF56AF6-0ACE-4FE8-B802-4832703EC2DC}
		{B06C696E-E458-490A-AC44-9E4F460DBAFE} = {DF889D8C-7879-48EE-811D-7D8D1EEF6F0A}
		{A3ADB538-F3DF-4C5F-960D-11B6DF66A1A3} = {DF889D8C-7879-48EE-811D-7D8D1EEF6F0A}
		{941BA1B7-2CF4-4D5C-8680-5C73CD6FE197} = {DF889D8C-7879-48EE-811D-7D8D1EEF6F0A}
		{B9C827B5-DC90-4A78-B477-852EAE1196AF} = {DF889D8C-7879-48EE-811D-7D8D1EEF6F0A}
		{032BEBF7-2D2B-4CFD-B53D-E3D21B3AC9D6} = {DF889D8C-7879-48EE-811D-7D8D1EEF6F0A}
		{87F26371-0005-4301-9C49-A6DF4F06B81C} = {DF889D8C-7879-48EE-811D-7D8D1EEF6F0A}
		{12952B24-C70B-4A26-839A-EE4183BE8CC0} = {1FF56AF6-0ACE-4FE8-B802-4832703EC2DC}
		{2F0E4458-6C1C-461F-A60A-B731AD97E839} = {DF889D8C-7879-48EE-811D-7D8D1EEF6F0A}
		{04990B2A-C7B5-40DA-A856-230E1E062FF1} = {1FF56AF6-0ACE-4FE8-B802-4832703EC2DC}
		{A5AA0879-9511-420A-9025-1AB87FAB7348} = {1FF56AF6-0ACE-4FE8-B802-4832703EC2DC}
		{446DA549-6EEF-4C48-A73C-F35B79C0BDE9} = {1FF56AF6-0ACE-4FE8-B802-4832703EC2DC}
		{1F2C133F-B7BD-4446-A65C-3F7EF9A22CE0} = {1FF56AF6-0ACE-4FE8-B802-4832703EC2DC}
		{4A4606CD-6D7B-4F76-8981-46D3C74E18BD} = {1FF56AF6-0ACE-4FE8-B802-4832703EC2DC}
		{C3F11E93-2EFF-4BB6-ADC9-3B42727E4816} = {DF889D8C-7879-48EE-811D-7D8D1EEF6F0A}
		{C6AC8E0B-DE31-4F0E-BE9D-837D9A2CA828} = {DF889D8C-7879-48EE-811D-7D8D1EEF6F0A}
	EndGlobalSection
EndGlobal
