
Microsoft Visual Studio Solution File, Format Version 12.00
# Visual Studio 15
VisualStudioVersion = 15.0.27120.0
MinimumVisualStudioVersion = 10.0.40219.1
Project("{2150E333-8FDC-42A3-9474-1A3956D46DE8}") = "Solution Items", "Solution Items", "{1F754A4D-BD42-4368-8B90-F3C03F24A2F3}"
	ProjectSection(SolutionItems) = preProject
		Resources\AllTestSettings.gta.runsettings = Resources\AllTestSettings.gta.runsettings
		..\appveyor.yml = ..\appveyor.yml
		..\codecov.yml = ..\codecov.yml
		..\LICENSE.md = ..\LICENSE.md
		..\README.md = ..\README.md
		SetVersion.bat = SetVersion.bat
		SetVersion.ps1 = SetVersion.ps1
	EndProjectSection
EndProject
Project("{2150E333-8FDC-42A3-9474-1A3956D46DE8}") = "Tests", "Tests", "{DF889D8C-7879-48EE-811D-7D8D1EEF6F0A}"
EndProject
Project("{2150E333-8FDC-42A3-9474-1A3956D46DE8}") = "SampleTests", "SampleTests", "{1FF56AF6-0ACE-4FE8-B802-4832703EC2DC}"
EndProject
Project("{2150E333-8FDC-42A3-9474-1A3956D46DE8}") = "SampleTests Solution Items", "SampleTests Solution Items", "{64AF842B-3041-4A46-8A6A-E947284E8454}"
	ProjectSection(SolutionItems) = preProject
		..\SampleTests\No.runsettings = ..\SampleTests\No.runsettings
		..\SampleTests\NonDeterministic.runsettings = ..\SampleTests\NonDeterministic.runsettings
		..\SampleTests\SampleTests.gta.runsettings = ..\SampleTests\SampleTests.gta.runsettings
	EndProjectSection
EndProject
Project("{FAE04EC0-301F-11D3-BF4B-00C04F79EFBC}") = "VsPackage.GTA", "VsPackage.GTA\VsPackage.GTA.csproj", "{E6276CAD-E4C3-4B25-876A-65B265EBFF1A}"
EndProject
Project("{D954291E-2A0B-460D-934E-DC6B0785DB48}") = "VsPackage.Shared", "VsPackage.Shared\VsPackage.Shared.shproj", "{AC75F34E-190B-402A-8C46-91B0FA02450F}"
EndProject
Project("{FAE04EC0-301F-11D3-BF4B-00C04F79EFBC}") = "VsPackage.TAfGT", "VsPackage.TAfGT\VsPackage.TAfGT.csproj", "{55294B5F-A075-43F2-B0E9-2B11925E8B91}"
EndProject
Project("{FAE04EC0-301F-11D3-BF4B-00C04F79EFBC}") = "TestAdapter", "TestAdapter\TestAdapter.csproj", "{44C04E51-D543-4155-A57E-BBEB73D3F8E5}"
	ProjectSection(ProjectDependencies) = postProject
		{FDC95D92-5E1E-4BDF-AA35-181851FCE755} = {FDC95D92-5E1E-4BDF-AA35-181851FCE755}
	EndProjectSection
EndProject
Project("{FAE04EC0-301F-11D3-BF4B-00C04F79EFBC}") = "Core.Tests", "Core.Tests\Core.Tests.csproj", "{B06C696E-E458-490A-AC44-9E4F460DBAFE}"
	ProjectSection(ProjectDependencies) = postProject
		{12952B24-C70B-4A26-839A-EE4183BE8CC0} = {12952B24-C70B-4A26-839A-EE4183BE8CC0}
		{FDC95D92-5E1E-4BDF-AA35-181851FCE755} = {FDC95D92-5E1E-4BDF-AA35-181851FCE755}
	EndProjectSection
EndProject
Project("{FAE04EC0-301F-11D3-BF4B-00C04F79EFBC}") = "DiaResolver", "DiaResolver\DiaResolver.csproj", "{FDC95D92-5E1E-4BDF-AA35-181851FCE755}"
EndProject
Project("{FAE04EC0-301F-11D3-BF4B-00C04F79EFBC}") = "TestAdapter.Tests", "TestAdapter.Tests\TestAdapter.Tests.csproj", "{A3ADB538-F3DF-4C5F-960D-11B6DF66A1A3}"
	ProjectSection(ProjectDependencies) = postProject
		{12952B24-C70B-4A26-839A-EE4183BE8CC0} = {12952B24-C70B-4A26-839A-EE4183BE8CC0}
	EndProjectSection
EndProject
Project("{FAE04EC0-301F-11D3-BF4B-00C04F79EFBC}") = "DiaResolver.Tests", "DiaResolver.Tests\DiaResolver.Tests.csproj", "{941BA1B7-2CF4-4D5C-8680-5C73CD6FE197}"
	ProjectSection(ProjectDependencies) = postProject
		{12952B24-C70B-4A26-839A-EE4183BE8CC0} = {12952B24-C70B-4A26-839A-EE4183BE8CC0}
	EndProjectSection
EndProject
Project("{FAE04EC0-301F-11D3-BF4B-00C04F79EFBC}") = "Core", "Core\Core.csproj", "{7F4372DA-70E2-48D0-BEE2-8043528428D0}"
EndProject
Project("{FAE04EC0-301F-11D3-BF4B-00C04F79EFBC}") = "VsPackage.Tests", "VsPackage.Tests\VsPackage.Tests.csproj", "{B9C827B5-DC90-4A78-B477-852EAE1196AF}"
	ProjectSection(ProjectDependencies) = postProject
		{12952B24-C70B-4A26-839A-EE4183BE8CC0} = {12952B24-C70B-4A26-839A-EE4183BE8CC0}
		{E6276CAD-E4C3-4B25-876A-65B265EBFF1A} = {E6276CAD-E4C3-4B25-876A-65B265EBFF1A}
	EndProjectSection
EndProject
Project("{FAE04EC0-301F-11D3-BF4B-00C04F79EFBC}") = "VsPackage.Tests.Generated", "VsPackage.Tests.Generated\VsPackage.Tests.Generated.csproj", "{032BEBF7-2D2B-4CFD-B53D-E3D21B3AC9D6}"
	ProjectSection(ProjectDependencies) = postProject
		{12952B24-C70B-4A26-839A-EE4183BE8CC0} = {12952B24-C70B-4A26-839A-EE4183BE8CC0}
		{A3ADB538-F3DF-4C5F-960D-11B6DF66A1A3} = {A3ADB538-F3DF-4C5F-960D-11B6DF66A1A3}
		{B06C696E-E458-490A-AC44-9E4F460DBAFE} = {B06C696E-E458-490A-AC44-9E4F460DBAFE}
		{B9C827B5-DC90-4A78-B477-852EAE1196AF} = {B9C827B5-DC90-4A78-B477-852EAE1196AF}
	EndProjectSection
EndProject
Project("{FAE04EC0-301F-11D3-BF4B-00C04F79EFBC}") = "Common", "Common\Common.csproj", "{BC05D210-68CD-47D0-AE8C-0F3168D1BE73}"
EndProject
Project("{FAE04EC0-301F-11D3-BF4B-00C04F79EFBC}") = "Common.Dynamic.GTA", "Common.Dynamic.GTA\Common.Dynamic.GTA.csproj", "{17F4B73F-E4D3-4E40-98FC-788B1D0F8225}"
EndProject
Project("{FAE04EC0-301F-11D3-BF4B-00C04F79EFBC}") = "Common.Dynamic.TAfGT", "Common.Dynamic.TAfGT\Common.Dynamic.TAfGT.csproj", "{9041BDED-FA1B-4C17-B7EA-7B750C470C23}"
EndProject
Project("{FAE04EC0-301F-11D3-BF4B-00C04F79EFBC}") = "VsPackage.GTA.Tests.Unit", "VsPackage.GTA.Tests.Unit\VsPackage.GTA.Tests.Unit.csproj", "{87F26371-0005-4301-9C49-A6DF4F06B81C}"
	ProjectSection(ProjectDependencies) = postProject
		{12952B24-C70B-4A26-839A-EE4183BE8CC0} = {12952B24-C70B-4A26-839A-EE4183BE8CC0}
	EndProjectSection
EndProject
Project("{FAE04EC0-301F-11D3-BF4B-00C04F79EFBC}") = "SampleTestsBuilder", "SampleTestsBuilder\SampleTestsBuilder.csproj", "{12952B24-C70B-4A26-839A-EE4183BE8CC0}"
EndProject
Project("{FAE04EC0-301F-11D3-BF4B-00C04F79EFBC}") = "Tests.Common", "Tests.Common\Tests.Common.csproj", "{2F0E4458-6C1C-461F-A60A-B731AD97E839}"
	ProjectSection(ProjectDependencies) = postProject
		{F4B47B1D-41B2-4C7A-804D-4664B590A4F7} = {F4B47B1D-41B2-4C7A-804D-4664B590A4F7}
		{12952B24-C70B-4A26-839A-EE4183BE8CC0} = {12952B24-C70B-4A26-839A-EE4183BE8CC0}
		{6EFFF365-F626-4BBA-A255-38468E4DF6E0} = {6EFFF365-F626-4BBA-A255-38468E4DF6E0}
		{72AEA89D-FA32-4E4F-BA04-9C670B53F746} = {72AEA89D-FA32-4E4F-BA04-9C670B53F746}
	EndProjectSection
EndProject
Project("{8BC9CEB8-8B4A-11D0-8D11-00A0C91BC942}") = "Tests", "..\SampleTests\Tests\Tests.vcxproj", "{04990B2A-C7B5-40DA-A856-230E1E062FF1}"
EndProject
Project("{8BC9CEB8-8B4A-11D0-8D11-00A0C91BC942}") = "LongRunningTests", "..\SampleTests\LongRunningTests\LongRunningTests.vcxproj", "{A5AA0879-9511-420A-9025-1AB87FAB7348}"
EndProject
Project("{8BC9CEB8-8B4A-11D0-8D11-00A0C91BC942}") = "LoadTests", "..\SampleTests\LoadTests\LoadTests.vcxproj", "{446DA549-6EEF-4C48-A73C-F35B79C0BDE9}"
EndProject
Project("{8BC9CEB8-8B4A-11D0-8D11-00A0C91BC942}") = "LibProject", "..\SampleTests\LibProject\LibProject.vcxproj", "{1F2C133F-B7BD-4446-A65C-3F7EF9A22CE0}"
EndProject
Project("{8BC9CEB8-8B4A-11D0-8D11-00A0C91BC942}") = "CrashingTests", "..\SampleTests\CrashingTests\CrashingTests.vcxproj", "{4A4606CD-6D7B-4F76-8981-46D3C74E18BD}"
EndProject
Project("{2150E333-8FDC-42A3-9474-1A3956D46DE8}") = "SampleTests Solution Items", "SampleTests Solution Items", "{0A53F3E5-80DC-403E-8ABF-534DB0218533}"
	ProjectSection(SolutionItems) = preProject
		..\SampleTests\No.runsettings = ..\SampleTests\No.runsettings
		..\SampleTests\NonDeterministic.runsettings = ..\SampleTests\NonDeterministic.runsettings
		..\SampleTests\SampleTests.gta.runsettings = ..\SampleTests\SampleTests.gta.runsettings
	EndProjectSection
EndProject
Project("{8BC9CEB8-8B4A-11D0-8D11-00A0C91BC942}") = "Tests_1.7.0", "..\SampleTests\Tests_1.7.0\Tests_1.7.0.vcxproj", "{7F98DAED-D035-4DFB-9E78-10D1C8FA3A32}"
EndProject
Project("{2150E333-8FDC-42A3-9474-1A3956D46DE8}") = "TestExecutables", "TestExecutables", "{475245AA-A07D-41D8-BC84-959C5E12A52C}"
EndProject
Project("{8BC9CEB8-8B4A-11D0-8D11-00A0C91BC942}") = "FailingExe", "FailingExe\FailingExe.vcxproj", "{6EFFF365-F626-4BBA-A255-38468E4DF6E0}"
EndProject
Project("{FAE04EC0-301F-11D3-BF4B-00C04F79EFBC}") = "TenSecondsWaiter", "TenSecondsWaiter\TenSecondsWaiter.csproj", "{F4B47B1D-41B2-4C7A-804D-4664B590A4F7}"
EndProject
Project("{8BC9CEB8-8B4A-11D0-8D11-00A0C91BC942}") = "CrashingExe", "CrashingExe\CrashingExe.vcxproj", "{72AEA89D-FA32-4E4F-BA04-9C670B53F746}"
EndProject
Project("{8BC9CEB8-8B4A-11D0-8D11-00A0C91BC942}") = "DllProject", "..\SampleTests\DllProject\DllProject.vcxproj", "{BAB53542-85AA-4780-9F48-2984C036189A}"
EndProject
Project("{8BC9CEB8-8B4A-11D0-8D11-00A0C91BC942}") = "DllTests", "..\SampleTests\DllDependentProject\DllDependentProject.vcxproj", "{2E3221EB-86DA-427D-84EC-DEFD3F966D9A}"
EndProject
Project("{FAE04EC0-301F-11D3-BF4B-00C04F79EFBC}") = "NewProjectWizard", "NewProjectWizard\NewProjectWizard.csproj", "{483FE0C7-4E8D-4591-BE45-EAC6B2EA5F4F}"
EndProject
Project("{FAE04EC0-301F-11D3-BF4B-00C04F79EFBC}") = "Packaging.GTA", "Packaging.GTA\Packaging.GTA.csproj", "{4735D8CC-FA30-432D-854C-2984A7DA5DD2}"
EndProject
Project("{FAE04EC0-301F-11D3-BF4B-00C04F79EFBC}") = "Packaging.TAfGT", "Packaging.TAfGT\Packaging.TAfGT.csproj", "{B3AEAD11-8EA3-4AB0-9DB0-643BFAAEB9B2}"
EndProject
Project("{8BC9CEB8-8B4A-11D0-8D11-00A0C91BC942}") = "SemaphoreExe", "SemaphoreExe\SemaphoreExe.vcxproj", "{F48AD2EC-96B3-41C6-9F89-3542EC7A3D43}"
EndProject
Project("{8BC9CEB8-8B4A-11D0-8D11-00A0C91BC942}") = "UnicodeNameExe", "UnicodeNameExe\UnicodeNameExe.vcxproj", "{8B27FD59-F03C-468E-B878-CFFC7484B7F7}"
EndProject
Project("{8BC9CEB8-8B4A-11D0-8D11-00A0C91BC942}") = "FakeGtestDllLibrary", "FakeGtestDll\FakeGtestDllLibrary.vcxproj", "{DB701549-3F79-4D1D-9DB9-CA55683D679E}"
EndProject
Project("{8BC9CEB8-8B4A-11D0-8D11-00A0C91BC942}") = "FakeGtestDllLibrary-x64", "FakeGtestDll\FakeGtestDllLibrary-x64.vcxproj", "{8C66B902-B3B3-40C1-B178-7F5405F654B0}"
EndProject
Project("{8BC9CEB8-8B4A-11D0-8D11-00A0C91BC942}") = "FakeGtestDllApplication", "FakeGtestDll\FakeGtestDllApplication.vcxproj", "{C2601F9E-8B97-4901-85F4-2531102543C8}"
EndProject
Project("{8BC9CEB8-8B4A-11D0-8D11-00A0C91BC942}") = "FakeGtestDllApplication-x64", "FakeGtestDll\FakeGtestDllApplication-x64.vcxproj", "{05C435E1-603C-4402-B28C-E54932F3131C}"
EndProject
Project("{FAE04EC0-301F-11D3-BF4B-00C04F79EFBC}") = "GoogleTestProjectTemplate", "GoogleTestProjectTemplate\GoogleTestProjectTemplate.csproj", "{A56C1F19-EAA6-4C99-BAC3-2B14D0CCC544}"
EndProject
Project("{FAE04EC0-301F-11D3-BF4B-00C04F79EFBC}") = "GoogleTestItemTemplate", "GoogleTestItemTemplate\GoogleTestItemTemplate.csproj", "{87A1108A-3819-4B31-99EA-217F3E11E958}"
EndProject
Project("{8BC9CEB8-8B4A-11D0-8D11-00A0C91BC942}") = "TestDiscoveryParam", "TestDiscoveryParam\TestDiscoveryParam.vcxproj", "{01547E56-E119-4519-8ABA-C1DF902E5170}"
EndProject
Global
	GlobalSection(SharedMSBuildProjectFiles) = preSolution
		VsPackage.Shared\VsPackage.Shared.projitems*{55294b5f-a075-43f2-b0e9-2b11925e8b91}*SharedItemsImports = 4
		VsPackage.Shared\VsPackage.Shared.projitems*{ac75f34e-190b-402a-8c46-91b0fa02450f}*SharedItemsImports = 13
		VsPackage.Shared\VsPackage.Shared.projitems*{e6276cad-e4c3-4b25-876a-65b265ebff1a}*SharedItemsImports = 4
	EndGlobalSection
	GlobalSection(SolutionConfigurationPlatforms) = preSolution
		Debug|Any CPU = Debug|Any CPU
		Release|Any CPU = Release|Any CPU
	EndGlobalSection
	GlobalSection(ProjectConfigurationPlatforms) = postSolution
		{E6276CAD-E4C3-4B25-876A-65B265EBFF1A}.Debug|Any CPU.ActiveCfg = Debug|Any CPU
		{E6276CAD-E4C3-4B25-876A-65B265EBFF1A}.Debug|Any CPU.Build.0 = Debug|Any CPU
		{E6276CAD-E4C3-4B25-876A-65B265EBFF1A}.Release|Any CPU.ActiveCfg = Release|Any CPU
		{E6276CAD-E4C3-4B25-876A-65B265EBFF1A}.Release|Any CPU.Build.0 = Release|Any CPU
		{55294B5F-A075-43F2-B0E9-2B11925E8B91}.Debug|Any CPU.ActiveCfg = Debug|Any CPU
		{55294B5F-A075-43F2-B0E9-2B11925E8B91}.Debug|Any CPU.Build.0 = Debug|Any CPU
		{55294B5F-A075-43F2-B0E9-2B11925E8B91}.Release|Any CPU.ActiveCfg = Release|Any CPU
		{55294B5F-A075-43F2-B0E9-2B11925E8B91}.Release|Any CPU.Build.0 = Release|Any CPU
		{44C04E51-D543-4155-A57E-BBEB73D3F8E5}.Debug|Any CPU.ActiveCfg = Debug|Any CPU
		{44C04E51-D543-4155-A57E-BBEB73D3F8E5}.Debug|Any CPU.Build.0 = Debug|Any CPU
		{44C04E51-D543-4155-A57E-BBEB73D3F8E5}.Release|Any CPU.ActiveCfg = Release|Any CPU
		{44C04E51-D543-4155-A57E-BBEB73D3F8E5}.Release|Any CPU.Build.0 = Release|Any CPU
		{B06C696E-E458-490A-AC44-9E4F460DBAFE}.Debug|Any CPU.ActiveCfg = Debug|Any CPU
		{B06C696E-E458-490A-AC44-9E4F460DBAFE}.Debug|Any CPU.Build.0 = Debug|Any CPU
		{B06C696E-E458-490A-AC44-9E4F460DBAFE}.Release|Any CPU.ActiveCfg = Release|Any CPU
		{B06C696E-E458-490A-AC44-9E4F460DBAFE}.Release|Any CPU.Build.0 = Release|Any CPU
		{FDC95D92-5E1E-4BDF-AA35-181851FCE755}.Debug|Any CPU.ActiveCfg = Debug|Any CPU
		{FDC95D92-5E1E-4BDF-AA35-181851FCE755}.Debug|Any CPU.Build.0 = Debug|Any CPU
		{FDC95D92-5E1E-4BDF-AA35-181851FCE755}.Release|Any CPU.ActiveCfg = Release|Any CPU
		{FDC95D92-5E1E-4BDF-AA35-181851FCE755}.Release|Any CPU.Build.0 = Release|Any CPU
		{A3ADB538-F3DF-4C5F-960D-11B6DF66A1A3}.Debug|Any CPU.ActiveCfg = Debug|Any CPU
		{A3ADB538-F3DF-4C5F-960D-11B6DF66A1A3}.Debug|Any CPU.Build.0 = Debug|Any CPU
		{A3ADB538-F3DF-4C5F-960D-11B6DF66A1A3}.Release|Any CPU.ActiveCfg = Release|Any CPU
		{A3ADB538-F3DF-4C5F-960D-11B6DF66A1A3}.Release|Any CPU.Build.0 = Release|Any CPU
		{941BA1B7-2CF4-4D5C-8680-5C73CD6FE197}.Debug|Any CPU.ActiveCfg = Debug|Any CPU
		{941BA1B7-2CF4-4D5C-8680-5C73CD6FE197}.Debug|Any CPU.Build.0 = Debug|Any CPU
		{941BA1B7-2CF4-4D5C-8680-5C73CD6FE197}.Release|Any CPU.ActiveCfg = Release|Any CPU
		{941BA1B7-2CF4-4D5C-8680-5C73CD6FE197}.Release|Any CPU.Build.0 = Release|Any CPU
		{7F4372DA-70E2-48D0-BEE2-8043528428D0}.Debug|Any CPU.ActiveCfg = Debug|Any CPU
		{7F4372DA-70E2-48D0-BEE2-8043528428D0}.Debug|Any CPU.Build.0 = Debug|Any CPU
		{7F4372DA-70E2-48D0-BEE2-8043528428D0}.Release|Any CPU.ActiveCfg = Release|Any CPU
		{7F4372DA-70E2-48D0-BEE2-8043528428D0}.Release|Any CPU.Build.0 = Release|Any CPU
		{B9C827B5-DC90-4A78-B477-852EAE1196AF}.Debug|Any CPU.ActiveCfg = Debug|Any CPU
		{B9C827B5-DC90-4A78-B477-852EAE1196AF}.Debug|Any CPU.Build.0 = Debug|Any CPU
		{B9C827B5-DC90-4A78-B477-852EAE1196AF}.Release|Any CPU.ActiveCfg = Release|Any CPU
		{B9C827B5-DC90-4A78-B477-852EAE1196AF}.Release|Any CPU.Build.0 = Release|Any CPU
		{032BEBF7-2D2B-4CFD-B53D-E3D21B3AC9D6}.Debug|Any CPU.ActiveCfg = Debug|Any CPU
		{032BEBF7-2D2B-4CFD-B53D-E3D21B3AC9D6}.Debug|Any CPU.Build.0 = Debug|Any CPU
		{032BEBF7-2D2B-4CFD-B53D-E3D21B3AC9D6}.Release|Any CPU.ActiveCfg = Release|Any CPU
		{032BEBF7-2D2B-4CFD-B53D-E3D21B3AC9D6}.Release|Any CPU.Build.0 = Release|Any CPU
		{BC05D210-68CD-47D0-AE8C-0F3168D1BE73}.Debug|Any CPU.ActiveCfg = Debug|Any CPU
		{BC05D210-68CD-47D0-AE8C-0F3168D1BE73}.Debug|Any CPU.Build.0 = Debug|Any CPU
		{BC05D210-68CD-47D0-AE8C-0F3168D1BE73}.Release|Any CPU.ActiveCfg = Release|Any CPU
		{BC05D210-68CD-47D0-AE8C-0F3168D1BE73}.Release|Any CPU.Build.0 = Release|Any CPU
		{17F4B73F-E4D3-4E40-98FC-788B1D0F8225}.Debug|Any CPU.ActiveCfg = Debug|Any CPU
		{17F4B73F-E4D3-4E40-98FC-788B1D0F8225}.Debug|Any CPU.Build.0 = Debug|Any CPU
		{17F4B73F-E4D3-4E40-98FC-788B1D0F8225}.Release|Any CPU.ActiveCfg = Release|Any CPU
		{17F4B73F-E4D3-4E40-98FC-788B1D0F8225}.Release|Any CPU.Build.0 = Release|Any CPU
		{9041BDED-FA1B-4C17-B7EA-7B750C470C23}.Debug|Any CPU.ActiveCfg = Debug|Any CPU
		{9041BDED-FA1B-4C17-B7EA-7B750C470C23}.Debug|Any CPU.Build.0 = Debug|Any CPU
		{9041BDED-FA1B-4C17-B7EA-7B750C470C23}.Release|Any CPU.ActiveCfg = Release|Any CPU
		{9041BDED-FA1B-4C17-B7EA-7B750C470C23}.Release|Any CPU.Build.0 = Release|Any CPU
		{87F26371-0005-4301-9C49-A6DF4F06B81C}.Debug|Any CPU.ActiveCfg = Debug|Any CPU
		{87F26371-0005-4301-9C49-A6DF4F06B81C}.Debug|Any CPU.Build.0 = Debug|Any CPU
		{87F26371-0005-4301-9C49-A6DF4F06B81C}.Release|Any CPU.ActiveCfg = Release|Any CPU
		{87F26371-0005-4301-9C49-A6DF4F06B81C}.Release|Any CPU.Build.0 = Release|Any CPU
		{12952B24-C70B-4A26-839A-EE4183BE8CC0}.Debug|Any CPU.ActiveCfg = Debug|Any CPU
		{12952B24-C70B-4A26-839A-EE4183BE8CC0}.Debug|Any CPU.Build.0 = Debug|Any CPU
		{12952B24-C70B-4A26-839A-EE4183BE8CC0}.Release|Any CPU.ActiveCfg = Release|Any CPU
		{12952B24-C70B-4A26-839A-EE4183BE8CC0}.Release|Any CPU.Build.0 = Release|Any CPU
		{2F0E4458-6C1C-461F-A60A-B731AD97E839}.Debug|Any CPU.ActiveCfg = Debug|Any CPU
		{2F0E4458-6C1C-461F-A60A-B731AD97E839}.Debug|Any CPU.Build.0 = Debug|Any CPU
		{2F0E4458-6C1C-461F-A60A-B731AD97E839}.Release|Any CPU.ActiveCfg = Release|Any CPU
		{2F0E4458-6C1C-461F-A60A-B731AD97E839}.Release|Any CPU.Build.0 = Release|Any CPU
		{04990B2A-C7B5-40DA-A856-230E1E062FF1}.Debug|Any CPU.ActiveCfg = Debug|Win32
		{04990B2A-C7B5-40DA-A856-230E1E062FF1}.Release|Any CPU.ActiveCfg = Release|Win32
		{A5AA0879-9511-420A-9025-1AB87FAB7348}.Debug|Any CPU.ActiveCfg = Debug|Win32
		{A5AA0879-9511-420A-9025-1AB87FAB7348}.Release|Any CPU.ActiveCfg = Release|Win32
		{446DA549-6EEF-4C48-A73C-F35B79C0BDE9}.Debug|Any CPU.ActiveCfg = Debug|Win32
		{446DA549-6EEF-4C48-A73C-F35B79C0BDE9}.Release|Any CPU.ActiveCfg = Release|Win32
		{1F2C133F-B7BD-4446-A65C-3F7EF9A22CE0}.Debug|Any CPU.ActiveCfg = Debug|Win32
		{1F2C133F-B7BD-4446-A65C-3F7EF9A22CE0}.Release|Any CPU.ActiveCfg = Release|Win32
		{4A4606CD-6D7B-4F76-8981-46D3C74E18BD}.Debug|Any CPU.ActiveCfg = Debug|Win32
		{4A4606CD-6D7B-4F76-8981-46D3C74E18BD}.Release|Any CPU.ActiveCfg = Release|Win32
		{7F98DAED-D035-4DFB-9E78-10D1C8FA3A32}.Debug|Any CPU.ActiveCfg = Debug|Win32
		{7F98DAED-D035-4DFB-9E78-10D1C8FA3A32}.Release|Any CPU.ActiveCfg = Release|Win32
		{6EFFF365-F626-4BBA-A255-38468E4DF6E0}.Debug|Any CPU.ActiveCfg = Debug|Win32
		{6EFFF365-F626-4BBA-A255-38468E4DF6E0}.Debug|Any CPU.Build.0 = Debug|Win32
		{6EFFF365-F626-4BBA-A255-38468E4DF6E0}.Release|Any CPU.ActiveCfg = Release|Win32
		{6EFFF365-F626-4BBA-A255-38468E4DF6E0}.Release|Any CPU.Build.0 = Release|Win32
		{F4B47B1D-41B2-4C7A-804D-4664B590A4F7}.Debug|Any CPU.ActiveCfg = Debug|Any CPU
		{F4B47B1D-41B2-4C7A-804D-4664B590A4F7}.Debug|Any CPU.Build.0 = Debug|Any CPU
		{F4B47B1D-41B2-4C7A-804D-4664B590A4F7}.Release|Any CPU.ActiveCfg = Release|Any CPU
		{F4B47B1D-41B2-4C7A-804D-4664B590A4F7}.Release|Any CPU.Build.0 = Release|Any CPU
		{72AEA89D-FA32-4E4F-BA04-9C670B53F746}.Debug|Any CPU.ActiveCfg = Debug|Win32
		{72AEA89D-FA32-4E4F-BA04-9C670B53F746}.Debug|Any CPU.Build.0 = Debug|Win32
		{72AEA89D-FA32-4E4F-BA04-9C670B53F746}.Release|Any CPU.ActiveCfg = Release|Win32
		{72AEA89D-FA32-4E4F-BA04-9C670B53F746}.Release|Any CPU.Build.0 = Release|Win32
		{BAB53542-85AA-4780-9F48-2984C036189A}.Debug|Any CPU.ActiveCfg = Debug|Win32
		{BAB53542-85AA-4780-9F48-2984C036189A}.Release|Any CPU.ActiveCfg = Release|Win32
		{2E3221EB-86DA-427D-84EC-DEFD3F966D9A}.Debug|Any CPU.ActiveCfg = Debug|Win32
		{2E3221EB-86DA-427D-84EC-DEFD3F966D9A}.Release|Any CPU.ActiveCfg = Release|Win32
		{483FE0C7-4E8D-4591-BE45-EAC6B2EA5F4F}.Debug|Any CPU.ActiveCfg = Debug|Any CPU
		{483FE0C7-4E8D-4591-BE45-EAC6B2EA5F4F}.Debug|Any CPU.Build.0 = Debug|Any CPU
		{483FE0C7-4E8D-4591-BE45-EAC6B2EA5F4F}.Release|Any CPU.ActiveCfg = Release|Any CPU
		{483FE0C7-4E8D-4591-BE45-EAC6B2EA5F4F}.Release|Any CPU.Build.0 = Release|Any CPU
		{4735D8CC-FA30-432D-854C-2984A7DA5DD2}.Debug|Any CPU.ActiveCfg = Debug|Any CPU
		{4735D8CC-FA30-432D-854C-2984A7DA5DD2}.Debug|Any CPU.Build.0 = Debug|Any CPU
		{4735D8CC-FA30-432D-854C-2984A7DA5DD2}.Release|Any CPU.ActiveCfg = Release|Any CPU
		{4735D8CC-FA30-432D-854C-2984A7DA5DD2}.Release|Any CPU.Build.0 = Release|Any CPU
		{B3AEAD11-8EA3-4AB0-9DB0-643BFAAEB9B2}.Debug|Any CPU.ActiveCfg = Debug|Any CPU
		{B3AEAD11-8EA3-4AB0-9DB0-643BFAAEB9B2}.Debug|Any CPU.Build.0 = Debug|Any CPU
		{B3AEAD11-8EA3-4AB0-9DB0-643BFAAEB9B2}.Release|Any CPU.ActiveCfg = Release|Any CPU
		{B3AEAD11-8EA3-4AB0-9DB0-643BFAAEB9B2}.Release|Any CPU.Build.0 = Release|Any CPU
		{F48AD2EC-96B3-41C6-9F89-3542EC7A3D43}.Debug|Any CPU.ActiveCfg = Debug|Win32
		{F48AD2EC-96B3-41C6-9F89-3542EC7A3D43}.Debug|Any CPU.Build.0 = Debug|Win32
		{F48AD2EC-96B3-41C6-9F89-3542EC7A3D43}.Release|Any CPU.ActiveCfg = Release|Win32
		{F48AD2EC-96B3-41C6-9F89-3542EC7A3D43}.Release|Any CPU.Build.0 = Release|Win32
		{8B27FD59-F03C-468E-B878-CFFC7484B7F7}.Debug|Any CPU.ActiveCfg = Debug|Win32
		{8B27FD59-F03C-468E-B878-CFFC7484B7F7}.Debug|Any CPU.Build.0 = Debug|Win32
		{8B27FD59-F03C-468E-B878-CFFC7484B7F7}.Release|Any CPU.ActiveCfg = Release|Win32
		{8B27FD59-F03C-468E-B878-CFFC7484B7F7}.Release|Any CPU.Build.0 = Release|Win32
		{DB701549-3F79-4D1D-9DB9-CA55683D679E}.Debug|Any CPU.ActiveCfg = Debug|Win32
		{DB701549-3F79-4D1D-9DB9-CA55683D679E}.Debug|Any CPU.Build.0 = Debug|Win32
		{DB701549-3F79-4D1D-9DB9-CA55683D679E}.Release|Any CPU.ActiveCfg = Release|Win32
		{DB701549-3F79-4D1D-9DB9-CA55683D679E}.Release|Any CPU.Build.0 = Release|Win32
		{8C66B902-B3B3-40C1-B178-7F5405F654B0}.Debug|Any CPU.ActiveCfg = Debug|x64
		{8C66B902-B3B3-40C1-B178-7F5405F654B0}.Debug|Any CPU.Build.0 = Debug|x64
		{8C66B902-B3B3-40C1-B178-7F5405F654B0}.Release|Any CPU.ActiveCfg = Release|x64
		{8C66B902-B3B3-40C1-B178-7F5405F654B0}.Release|Any CPU.Build.0 = Release|x64
		{C2601F9E-8B97-4901-85F4-2531102543C8}.Debug|Any CPU.ActiveCfg = Debug|Win32
		{C2601F9E-8B97-4901-85F4-2531102543C8}.Debug|Any CPU.Build.0 = Debug|Win32
		{C2601F9E-8B97-4901-85F4-2531102543C8}.Release|Any CPU.ActiveCfg = Release|Win32
		{C2601F9E-8B97-4901-85F4-2531102543C8}.Release|Any CPU.Build.0 = Release|Win32
		{05C435E1-603C-4402-B28C-E54932F3131C}.Debug|Any CPU.ActiveCfg = Debug|x64
		{05C435E1-603C-4402-B28C-E54932F3131C}.Debug|Any CPU.Build.0 = Debug|x64
		{05C435E1-603C-4402-B28C-E54932F3131C}.Release|Any CPU.ActiveCfg = Release|x64
		{05C435E1-603C-4402-B28C-E54932F3131C}.Release|Any CPU.Build.0 = Release|x64
		{A56C1F19-EAA6-4C99-BAC3-2B14D0CCC544}.Debug|Any CPU.ActiveCfg = Debug|Any CPU
		{A56C1F19-EAA6-4C99-BAC3-2B14D0CCC544}.Debug|Any CPU.Build.0 = Debug|Any CPU
		{A56C1F19-EAA6-4C99-BAC3-2B14D0CCC544}.Release|Any CPU.ActiveCfg = Release|Any CPU
		{A56C1F19-EAA6-4C99-BAC3-2B14D0CCC544}.Release|Any CPU.Build.0 = Release|Any CPU
		{87A1108A-3819-4B31-99EA-217F3E11E958}.Debug|Any CPU.ActiveCfg = Debug|Any CPU
		{87A1108A-3819-4B31-99EA-217F3E11E958}.Debug|Any CPU.Build.0 = Debug|Any CPU
		{87A1108A-3819-4B31-99EA-217F3E11E958}.Release|Any CPU.ActiveCfg = Release|Any CPU
		{87A1108A-3819-4B31-99EA-217F3E11E958}.Release|Any CPU.Build.0 = Release|Any CPU
		{01547E56-E119-4519-8ABA-C1DF902E5170}.Debug|Any CPU.ActiveCfg = Debug|Win32
		{01547E56-E119-4519-8ABA-C1DF902E5170}.Debug|Any CPU.Build.0 = Debug|Win32
		{01547E56-E119-4519-8ABA-C1DF902E5170}.Release|Any CPU.ActiveCfg = Release|Win32
		{01547E56-E119-4519-8ABA-C1DF902E5170}.Release|Any CPU.Build.0 = Release|Win32
	EndGlobalSection
	GlobalSection(SolutionProperties) = preSolution
		HideSolutionNode = FALSE
	EndGlobalSection
	GlobalSection(NestedProjects) = preSolution
		{1FF56AF6-0ACE-4FE8-B802-4832703EC2DC} = {DF889D8C-7879-48EE-811D-7D8D1EEF6F0A}
		{64AF842B-3041-4A46-8A6A-E947284E8454} = {1FF56AF6-0ACE-4FE8-B802-4832703EC2DC}
		{B06C696E-E458-490A-AC44-9E4F460DBAFE} = {DF889D8C-7879-48EE-811D-7D8D1EEF6F0A}
		{A3ADB538-F3DF-4C5F-960D-11B6DF66A1A3} = {DF889D8C-7879-48EE-811D-7D8D1EEF6F0A}
		{941BA1B7-2CF4-4D5C-8680-5C73CD6FE197} = {DF889D8C-7879-48EE-811D-7D8D1EEF6F0A}
		{B9C827B5-DC90-4A78-B477-852EAE1196AF} = {DF889D8C-7879-48EE-811D-7D8D1EEF6F0A}
		{032BEBF7-2D2B-4CFD-B53D-E3D21B3AC9D6} = {DF889D8C-7879-48EE-811D-7D8D1EEF6F0A}
		{87F26371-0005-4301-9C49-A6DF4F06B81C} = {DF889D8C-7879-48EE-811D-7D8D1EEF6F0A}
		{12952B24-C70B-4A26-839A-EE4183BE8CC0} = {1FF56AF6-0ACE-4FE8-B802-4832703EC2DC}
		{2F0E4458-6C1C-461F-A60A-B731AD97E839} = {DF889D8C-7879-48EE-811D-7D8D1EEF6F0A}
		{04990B2A-C7B5-40DA-A856-230E1E062FF1} = {1FF56AF6-0ACE-4FE8-B802-4832703EC2DC}
		{A5AA0879-9511-420A-9025-1AB87FAB7348} = {1FF56AF6-0ACE-4FE8-B802-4832703EC2DC}
		{446DA549-6EEF-4C48-A73C-F35B79C0BDE9} = {1FF56AF6-0ACE-4FE8-B802-4832703EC2DC}
		{1F2C133F-B7BD-4446-A65C-3F7EF9A22CE0} = {1FF56AF6-0ACE-4FE8-B802-4832703EC2DC}
		{4A4606CD-6D7B-4F76-8981-46D3C74E18BD} = {1FF56AF6-0ACE-4FE8-B802-4832703EC2DC}
		{7F98DAED-D035-4DFB-9E78-10D1C8FA3A32} = {1FF56AF6-0ACE-4FE8-B802-4832703EC2DC}
		{475245AA-A07D-41D8-BC84-959C5E12A52C} = {DF889D8C-7879-48EE-811D-7D8D1EEF6F0A}
		{6EFFF365-F626-4BBA-A255-38468E4DF6E0} = {475245AA-A07D-41D8-BC84-959C5E12A52C}
		{F4B47B1D-41B2-4C7A-804D-4664B590A4F7} = {475245AA-A07D-41D8-BC84-959C5E12A52C}
		{72AEA89D-FA32-4E4F-BA04-9C670B53F746} = {475245AA-A07D-41D8-BC84-959C5E12A52C}
		{BAB53542-85AA-4780-9F48-2984C036189A} = {1FF56AF6-0ACE-4FE8-B802-4832703EC2DC}
		{2E3221EB-86DA-427D-84EC-DEFD3F966D9A} = {1FF56AF6-0ACE-4FE8-B802-4832703EC2DC}
		{F48AD2EC-96B3-41C6-9F89-3542EC7A3D43} = {475245AA-A07D-41D8-BC84-959C5E12A52C}
		{8B27FD59-F03C-468E-B878-CFFC7484B7F7} = {475245AA-A07D-41D8-BC84-959C5E12A52C}
		{DB701549-3F79-4D1D-9DB9-CA55683D679E} = {475245AA-A07D-41D8-BC84-959C5E12A52C}
		{8C66B902-B3B3-40C1-B178-7F5405F654B0} = {475245AA-A07D-41D8-BC84-959C5E12A52C}
		{C2601F9E-8B97-4901-85F4-2531102543C8} = {475245AA-A07D-41D8-BC84-959C5E12A52C}
		{05C435E1-603C-4402-B28C-E54932F3131C} = {475245AA-A07D-41D8-BC84-959C5E12A52C}
		{01547E56-E119-4519-8ABA-C1DF902E5170} = {475245AA-A07D-41D8-BC84-959C5E12A52C}
	EndGlobalSection
	GlobalSection(ExtensibilityGlobals) = postSolution
		SolutionGuid = {C942DDD5-B04E-4D57-BA9F-A444392C9480}
	EndGlobalSection
EndGlobal
